
Microsoft Visual Studio Solution File, Format Version 12.00
# Visual Studio Version 17
VisualStudioVersion = 17.11.35312.102
MinimumVisualStudioVersion = 10.0.40219.1
Project("{FAE04EC0-301F-11D3-BF4B-00C04F79EFBC}") = "FInalProject", "FInalProject\FInalProject.csproj", "{8B34BF5F-9AA3-4127-A352-4E68AD9C01CC}"
EndProject
Global
	GlobalSection(SolutionConfigurationPlatforms) = preSolution
		Debug|Any CPU = Debug|Any CPU
		Release|Any CPU = Release|Any CPU
	EndGlobalSection
	GlobalSection(ProjectConfigurationPlatforms) = postSolution
		{8B34BF5F-9AA3-4127-A352-4E68AD9C01CC}.Debug|Any CPU.ActiveCfg = Debug|Any CPU
		{8B34BF5F-9AA3-4127-A352-4E68AD9C01CC}.Debug|Any CPU.Build.0 = Debug|Any CPU
		{8B34BF5F-9AA3-4127-A352-4E68AD9C01CC}.Release|Any CPU.ActiveCfg = Release|Any CPU
		{8B34BF5F-9AA3-4127-A352-4E68AD9C01CC}.Release|Any CPU.Build.0 = Release|Any CPU
	EndGlobalSection
	GlobalSection(SolutionProperties) = preSolution
		HideSolutionNode = FALSE
	EndGlobalSection
	GlobalSection(ExtensibilityGlobals) = postSolution
		SolutionGuid = {64AA2C15-8C65-4007-A511-73287CCD558E}
	EndGlobalSection
EndGlobal
